
Microsoft Visual Studio Solution File, Format Version 12.00
Project("{FAE04EC0-301F-11D3-BF4B-00C04F79EFBC}") = "Config", "Config\Config.csproj", "{354DFB23-276B-4E4D-8B48-C124CD61B1DD}"
EndProject
Project("{FAE04EC0-301F-11D3-BF4B-00C04F79EFBC}") = "IntegrationTests", "IntegrationTests\IntegrationTests.csproj", "{DA02263A-AED0-4775-B9CE-41B9F15B48D6}"
EndProject
Global
	GlobalSection(SolutionConfigurationPlatforms) = preSolution
		Debug|Any CPU = Debug|Any CPU
		Release|Any CPU = Release|Any CPU
	EndGlobalSection
	GlobalSection(ProjectConfigurationPlatforms) = postSolution
		{354DFB23-276B-4E4D-8B48-C124CD61B1DD}.Debug|Any CPU.ActiveCfg = Debug|Any CPU
		{354DFB23-276B-4E4D-8B48-C124CD61B1DD}.Debug|Any CPU.Build.0 = Debug|Any CPU
		{354DFB23-276B-4E4D-8B48-C124CD61B1DD}.Release|Any CPU.ActiveCfg = Release|Any CPU
		{354DFB23-276B-4E4D-8B48-C124CD61B1DD}.Release|Any CPU.Build.0 = Release|Any CPU
		{DA02263A-AED0-4775-B9CE-41B9F15B48D6}.Debug|Any CPU.ActiveCfg = Debug|Any CPU
		{DA02263A-AED0-4775-B9CE-41B9F15B48D6}.Debug|Any CPU.Build.0 = Debug|Any CPU
		{DA02263A-AED0-4775-B9CE-41B9F15B48D6}.Release|Any CPU.ActiveCfg = Release|Any CPU
		{DA02263A-AED0-4775-B9CE-41B9F15B48D6}.Release|Any CPU.Build.0 = Release|Any CPU
	EndGlobalSection
EndGlobal
